
Microsoft Visual Studio Solution File, Format Version 12.00
# Visual Studio Version 17
VisualStudioVersion = 17.7.34024.191
MinimumVisualStudioVersion = 10.0.40219.1
Project("{FAE04EC0-301F-11D3-BF4B-00C04F79EFBC}") = "IUstaApi", "IUstaApi\IUstaApi.csproj", "{878DD077-A472-4926-B915-1847159F9A47}"
EndProject
Global
	GlobalSection(SolutionConfigurationPlatforms) = preSolution
		Debug|Any CPU = Debug|Any CPU
		Release|Any CPU = Release|Any CPU
	EndGlobalSection
	GlobalSection(ProjectConfigurationPlatforms) = postSolution
		{878DD077-A472-4926-B915-1847159F9A47}.Debug|Any CPU.ActiveCfg = Debug|Any CPU
		{878DD077-A472-4926-B915-1847159F9A47}.Debug|Any CPU.Build.0 = Debug|Any CPU
		{878DD077-A472-4926-B915-1847159F9A47}.Release|Any CPU.ActiveCfg = Release|Any CPU
		{878DD077-A472-4926-B915-1847159F9A47}.Release|Any CPU.Build.0 = Release|Any CPU
	EndGlobalSection
	GlobalSection(SolutionProperties) = preSolution
		HideSolutionNode = FALSE
	EndGlobalSection
	GlobalSection(ExtensibilityGlobals) = postSolution
		SolutionGuid = {6BA049DA-A100-4419-9B47-82D7EE56260E}
	EndGlobalSection
EndGlobal
